
Microsoft Visual Studio Solution File, Format Version 12.00
# Visual Studio Version 17
VisualStudioVersion = 17.13.35931.197
MinimumVisualStudioVersion = 10.0.40219.1
Project("{FAE04EC0-301F-11D3-BF4B-00C04F79EFBC}") = "Aplicação básica com cadastro em c#", "mf-dev-backend-2025\Aplicação básica com cadastro em c#.csproj", "{D9D37045-39D5-4698-8745-1E0340DB7261}"
EndProject
Global
	GlobalSection(SolutionConfigurationPlatforms) = preSolution
		Debug|Any CPU = Debug|Any CPU
		Release|Any CPU = Release|Any CPU
	EndGlobalSection
	GlobalSection(ProjectConfigurationPlatforms) = postSolution
		{D9D37045-39D5-4698-8745-1E0340DB7261}.Debug|Any CPU.ActiveCfg = Debug|Any CPU
		{D9D37045-39D5-4698-8745-1E0340DB7261}.Debug|Any CPU.Build.0 = Debug|Any CPU
		{D9D37045-39D5-4698-8745-1E0340DB7261}.Release|Any CPU.ActiveCfg = Release|Any CPU
		{D9D37045-39D5-4698-8745-1E0340DB7261}.Release|Any CPU.Build.0 = Release|Any CPU
	EndGlobalSection
	GlobalSection(SolutionProperties) = preSolution
		HideSolutionNode = FALSE
	EndGlobalSection
	GlobalSection(ExtensibilityGlobals) = postSolution
		SolutionGuid = {369B4A06-B9FC-4014-B5DB-F93FECD0BB26}
	EndGlobalSection
EndGlobal
